
Microsoft Visual Studio Solution File, Format Version 12.00
# Visual Studio Version 17
VisualStudioVersion = 17.8.34408.163
MinimumVisualStudioVersion = 10.0.40219.1
Project("{FAE04EC0-301F-11D3-BF4B-00C04F79EFBC}") = "SearchBarFix", "SearchBarFix.csproj", "{800FB99F-8F74-4F8E-85C2-F89A2B3BEE60}"
EndProject
Global
	GlobalSection(SolutionConfigurationPlatforms) = preSolution
		Debug|Any CPU = Debug|Any CPU
		Release|Any CPU = Release|Any CPU
	EndGlobalSection
	GlobalSection(ProjectConfigurationPlatforms) = postSolution
		{800FB99F-8F74-4F8E-85C2-F89A2B3BEE60}.Debug|Any CPU.ActiveCfg = Debug|Any CPU
		{800FB99F-8F74-4F8E-85C2-F89A2B3BEE60}.Debug|Any CPU.Build.0 = Debug|Any CPU
		{800FB99F-8F74-4F8E-85C2-F89A2B3BEE60}.Release|Any CPU.ActiveCfg = Release|Any CPU
		{800FB99F-8F74-4F8E-85C2-F89A2B3BEE60}.Release|Any CPU.Build.0 = Release|Any CPU
	EndGlobalSection
	GlobalSection(SolutionProperties) = preSolution
		HideSolutionNode = FALSE
	EndGlobalSection
	GlobalSection(ExtensibilityGlobals) = postSolution
		SolutionGuid = {56F89B7B-22F8-4584-88F3-C270CD540B7B}
	EndGlobalSection
EndGlobal
